{
    "version": 4,
    "terraform_version": "1.4.4",
    "serial": 1,
    "lineage": "89d18633-6100-ca1f-ba47-5976b7314c7c",
    "outputs": {
      "this": {
        "value": "h$ivH65xuf",
        "type": "string"
      }
    },
    "resources": [
      {
        "mode": "managed",
        "type": "random_string",
        "name": "this",
        "provider": "provider[\"registry.terraform.io/hashicorp/random\"]",
        "instances": [
          {
            "schema_version": 2,
            "attributes": {
              "id": "h$ivH65xuf",
              "keepers": null,
              "length": 10,
              "lower": true,
              "min_lower": 0,
              "min_numeric": 0,
              "min_special": 0,
              "min_upper": 0,
              "number": true,
              "numeric": true,
              "override_special": null,
              "result": "h$ivH65xuf",
              "special": true,
              "upper": true
            },
            "sensitive_attributes": []
          }
        ]
      }
    ],
    "check_results": null
  }